
Microsoft Visual Studio Solution File, Format Version 12.00
# Visual Studio Version 17
VisualStudioVersion = 17.9.34728.123
MinimumVisualStudioVersion = 10.0.40219.1
Project("{2150E333-8FDC-42A3-9474-1A3956D46DE8}") = "src", "src", "{829C7D5A-1402-4EC6-9B3A-DFA2DF4E1D14}"
EndProject
Project("{2150E333-8FDC-42A3-9474-1A3956D46DE8}") = "Services", "Services", "{44C50091-711F-4D27-8B21-6FF312F707FD}"
EndProject
Project("{2150E333-8FDC-42A3-9474-1A3956D46DE8}") = "TeamManagement", "TeamManagement", "{EBA922C6-1119-4DE3-8768-BFA1692F8536}"
EndProject
Project("{2150E333-8FDC-42A3-9474-1A3956D46DE8}") = "Identity", "Identity", "{1B026EFE-7DDD-4D40-B986-A46058D9A33F}"
EndProject
Project("{2150E333-8FDC-42A3-9474-1A3956D46DE8}") = "MeetPlanning", "MeetPlanning", "{46FA0C87-A423-4F91-B3EC-78BEABD8B700}"
EndProject
Project("{2150E333-8FDC-42A3-9474-1A3956D46DE8}") = "Swimmers", "Swimmers", "{3FEE8FF2-42EE-4C87-AB6D-2A57716AECC3}"
EndProject
Project("{9A19103F-16F7-4668-BE54-9A1E7A4F7556}") = "TeamManagement.API", "TeamManagement.API\TeamManagement.API.csproj", "{89EDE16B-AF8F-4434-802A-94792FAB8F94}"
EndProject
Project("{9A19103F-16F7-4668-BE54-9A1E7A4F7556}") = "TeamManagement.Core", "TeamManagement.Core\TeamManagement.Core.csproj", "{391BF50D-5252-4C78-BA96-E929C0A368EA}"
EndProject
Project("{9A19103F-16F7-4668-BE54-9A1E7A4F7556}") = "TeamManagement.Infrastructure", "TeamManagement.Infrastructure\TeamManagement.Infrastructure.csproj", "{ED1F5AC5-E6CA-4327-B526-BB08D21F525E}"
EndProject
Project("{2150E333-8FDC-42A3-9474-1A3956D46DE8}") = "tests", "tests", "{48321DAB-D5B7-4E41-9986-A169621D93B0}"
EndProject
Project("{9A19103F-16F7-4668-BE54-9A1E7A4F7556}") = "TeamManagement.UnitTests", "TeamManagement.UnitTests\TeamManagement.UnitTests.csproj", "{93AF26AF-2A88-4DC5-B834-7ED56FF79B16}"
EndProject
Project("{9A19103F-16F7-4668-BE54-9A1E7A4F7556}") = "TeamManagement.IntegrationTests", "TeamManagement.IntegrationTests\TeamManagement.IntegrationTests.csproj", "{A9776FFD-2DC5-4716-B4BD-6AFF8B048531}"
EndProject
Project("{9A19103F-16F7-4668-BE54-9A1E7A4F7556}") = "TeamManager.UseCases", "TeamManager.Application\TeamManager.UseCases.csproj", "{7CE75616-EAD9-4A1F-B5E5-7369B9DBF1EA}"
EndProject
Project("{9A19103F-16F7-4668-BE54-9A1E7A4F7556}") = "MeetPlanning.API", "MeetPlanning.API\MeetPlanning.API.csproj", "{40065EB1-EAD2-451D-8FD6-D8CC55BC8224}"
EndProject
Project("{9A19103F-16F7-4668-BE54-9A1E7A4F7556}") = "MeetPlanning.Core", "MeetPlanning.Core\MeetPlanning.Core.csproj", "{4516F7AC-8B8D-49D9-AC39-A24CACEFA2AB}"
EndProject
Project("{E53339B2-1760-4266-BCC7-CA923CBCF16C}") = "docker-compose", "docker-compose.dcproj", "{75A0C0E4-38E4-4C14-905D-488A60C5A7B4}"
EndProject
Project("{9A19103F-16F7-4668-BE54-9A1E7A4F7556}") = "MeetPlanning.Infrastructure", "MeetPlanning.Infrastructure\MeetPlanning.Infrastructure.csproj", "{F665492E-F16C-4F49-B648-B324823D9684}"
EndProject
Project("{2150E333-8FDC-42A3-9474-1A3956D46DE8}") = "APIGateway", "APIGateway", "{415051A4-8DFF-472F-82EE-1C380AAEA3D7}"
EndProject
Project("{2150E333-8FDC-42A3-9474-1A3956D46DE8}") = "WebApp", "WebApp", "{FD835EE4-F849-4F0C-8CC4-DF931BA9A40D}"
EndProject
Global
	GlobalSection(SolutionConfigurationPlatforms) = preSolution
		Debug|Any CPU = Debug|Any CPU
		Release|Any CPU = Release|Any CPU
	EndGlobalSection
	GlobalSection(ProjectConfigurationPlatforms) = postSolution
		{89EDE16B-AF8F-4434-802A-94792FAB8F94}.Debug|Any CPU.ActiveCfg = Debug|Any CPU
		{89EDE16B-AF8F-4434-802A-94792FAB8F94}.Debug|Any CPU.Build.0 = Debug|Any CPU
		{89EDE16B-AF8F-4434-802A-94792FAB8F94}.Release|Any CPU.ActiveCfg = Release|Any CPU
		{89EDE16B-AF8F-4434-802A-94792FAB8F94}.Release|Any CPU.Build.0 = Release|Any CPU
		{391BF50D-5252-4C78-BA96-E929C0A368EA}.Debug|Any CPU.ActiveCfg = Debug|Any CPU
		{391BF50D-5252-4C78-BA96-E929C0A368EA}.Debug|Any CPU.Build.0 = Debug|Any CPU
		{391BF50D-5252-4C78-BA96-E929C0A368EA}.Release|Any CPU.ActiveCfg = Release|Any CPU
		{391BF50D-5252-4C78-BA96-E929C0A368EA}.Release|Any CPU.Build.0 = Release|Any CPU
		{ED1F5AC5-E6CA-4327-B526-BB08D21F525E}.Debug|Any CPU.ActiveCfg = Debug|Any CPU
		{ED1F5AC5-E6CA-4327-B526-BB08D21F525E}.Debug|Any CPU.Build.0 = Debug|Any CPU
		{ED1F5AC5-E6CA-4327-B526-BB08D21F525E}.Release|Any CPU.ActiveCfg = Release|Any CPU
		{ED1F5AC5-E6CA-4327-B526-BB08D21F525E}.Release|Any CPU.Build.0 = Release|Any CPU
		{93AF26AF-2A88-4DC5-B834-7ED56FF79B16}.Debug|Any CPU.ActiveCfg = Debug|Any CPU
		{93AF26AF-2A88-4DC5-B834-7ED56FF79B16}.Debug|Any CPU.Build.0 = Debug|Any CPU
		{93AF26AF-2A88-4DC5-B834-7ED56FF79B16}.Release|Any CPU.ActiveCfg = Release|Any CPU
		{93AF26AF-2A88-4DC5-B834-7ED56FF79B16}.Release|Any CPU.Build.0 = Release|Any CPU
		{A9776FFD-2DC5-4716-B4BD-6AFF8B048531}.Debug|Any CPU.ActiveCfg = Debug|Any CPU
		{A9776FFD-2DC5-4716-B4BD-6AFF8B048531}.Debug|Any CPU.Build.0 = Debug|Any CPU
		{A9776FFD-2DC5-4716-B4BD-6AFF8B048531}.Release|Any CPU.ActiveCfg = Release|Any CPU
		{A9776FFD-2DC5-4716-B4BD-6AFF8B048531}.Release|Any CPU.Build.0 = Release|Any CPU
		{7CE75616-EAD9-4A1F-B5E5-7369B9DBF1EA}.Debug|Any CPU.ActiveCfg = Debug|Any CPU
		{7CE75616-EAD9-4A1F-B5E5-7369B9DBF1EA}.Debug|Any CPU.Build.0 = Debug|Any CPU
		{7CE75616-EAD9-4A1F-B5E5-7369B9DBF1EA}.Release|Any CPU.ActiveCfg = Release|Any CPU
		{7CE75616-EAD9-4A1F-B5E5-7369B9DBF1EA}.Release|Any CPU.Build.0 = Release|Any CPU
		{40065EB1-EAD2-451D-8FD6-D8CC55BC8224}.Debug|Any CPU.ActiveCfg = Debug|Any CPU
		{40065EB1-EAD2-451D-8FD6-D8CC55BC8224}.Debug|Any CPU.Build.0 = Debug|Any CPU
		{40065EB1-EAD2-451D-8FD6-D8CC55BC8224}.Release|Any CPU.ActiveCfg = Release|Any CPU
		{40065EB1-EAD2-451D-8FD6-D8CC55BC8224}.Release|Any CPU.Build.0 = Release|Any CPU
		{4516F7AC-8B8D-49D9-AC39-A24CACEFA2AB}.Debug|Any CPU.ActiveCfg = Debug|Any CPU
		{4516F7AC-8B8D-49D9-AC39-A24CACEFA2AB}.Debug|Any CPU.Build.0 = Debug|Any CPU
		{4516F7AC-8B8D-49D9-AC39-A24CACEFA2AB}.Release|Any CPU.ActiveCfg = Release|Any CPU
		{4516F7AC-8B8D-49D9-AC39-A24CACEFA2AB}.Release|Any CPU.Build.0 = Release|Any CPU
		{75A0C0E4-38E4-4C14-905D-488A60C5A7B4}.Debug|Any CPU.ActiveCfg = Debug|Any CPU
		{75A0C0E4-38E4-4C14-905D-488A60C5A7B4}.Debug|Any CPU.Build.0 = Debug|Any CPU
		{75A0C0E4-38E4-4C14-905D-488A60C5A7B4}.Release|Any CPU.ActiveCfg = Release|Any CPU
		{75A0C0E4-38E4-4C14-905D-488A60C5A7B4}.Release|Any CPU.Build.0 = Release|Any CPU
		{F665492E-F16C-4F49-B648-B324823D9684}.Debug|Any CPU.ActiveCfg = Debug|Any CPU
		{F665492E-F16C-4F49-B648-B324823D9684}.Debug|Any CPU.Build.0 = Debug|Any CPU
		{F665492E-F16C-4F49-B648-B324823D9684}.Release|Any CPU.ActiveCfg = Release|Any CPU
		{F665492E-F16C-4F49-B648-B324823D9684}.Release|Any CPU.Build.0 = Release|Any CPU
	EndGlobalSection
	GlobalSection(SolutionProperties) = preSolution
		HideSolutionNode = FALSE
	EndGlobalSection
	GlobalSection(NestedProjects) = preSolution
		{44C50091-711F-4D27-8B21-6FF312F707FD} = {829C7D5A-1402-4EC6-9B3A-DFA2DF4E1D14}
		{EBA922C6-1119-4DE3-8768-BFA1692F8536} = {44C50091-711F-4D27-8B21-6FF312F707FD}
		{1B026EFE-7DDD-4D40-B986-A46058D9A33F} = {44C50091-711F-4D27-8B21-6FF312F707FD}
		{46FA0C87-A423-4F91-B3EC-78BEABD8B700} = {44C50091-711F-4D27-8B21-6FF312F707FD}
		{3FEE8FF2-42EE-4C87-AB6D-2A57716AECC3} = {44C50091-711F-4D27-8B21-6FF312F707FD}
		{89EDE16B-AF8F-4434-802A-94792FAB8F94} = {EBA922C6-1119-4DE3-8768-BFA1692F8536}
		{391BF50D-5252-4C78-BA96-E929C0A368EA} = {EBA922C6-1119-4DE3-8768-BFA1692F8536}
		{ED1F5AC5-E6CA-4327-B526-BB08D21F525E} = {EBA922C6-1119-4DE3-8768-BFA1692F8536}
		{48321DAB-D5B7-4E41-9986-A169621D93B0} = {EBA922C6-1119-4DE3-8768-BFA1692F8536}
		{93AF26AF-2A88-4DC5-B834-7ED56FF79B16} = {48321DAB-D5B7-4E41-9986-A169621D93B0}
		{A9776FFD-2DC5-4716-B4BD-6AFF8B048531} = {48321DAB-D5B7-4E41-9986-A169621D93B0}
		{7CE75616-EAD9-4A1F-B5E5-7369B9DBF1EA} = {EBA922C6-1119-4DE3-8768-BFA1692F8536}
		{40065EB1-EAD2-451D-8FD6-D8CC55BC8224} = {46FA0C87-A423-4F91-B3EC-78BEABD8B700}
		{4516F7AC-8B8D-49D9-AC39-A24CACEFA2AB} = {46FA0C87-A423-4F91-B3EC-78BEABD8B700}
		{F665492E-F16C-4F49-B648-B324823D9684} = {46FA0C87-A423-4F91-B3EC-78BEABD8B700}
		{415051A4-8DFF-472F-82EE-1C380AAEA3D7} = {829C7D5A-1402-4EC6-9B3A-DFA2DF4E1D14}
		{FD835EE4-F849-4F0C-8CC4-DF931BA9A40D} = {829C7D5A-1402-4EC6-9B3A-DFA2DF4E1D14}
	EndGlobalSection
	GlobalSection(ExtensibilityGlobals) = postSolution
		SolutionGuid = {BFC238F2-445E-4634-8B89-01CE24CAD35B}
	EndGlobalSection
EndGlobal
