
Microsoft Visual Studio Solution File, Format Version 12.00
# Visual Studio Version 17
VisualStudioVersion = 17.9.34728.123
MinimumVisualStudioVersion = 10.0.40219.1
Project("{2150E333-8FDC-42A3-9474-1A3956D46DE8}") = "src", "src", "{829C7D5A-1402-4EC6-9B3A-DFA2DF4E1D14}"
EndProject
Project("{2150E333-8FDC-42A3-9474-1A3956D46DE8}") = "Services", "Services", "{44C50091-711F-4D27-8B21-6FF312F707FD}"
EndProject
Project("{2150E333-8FDC-42A3-9474-1A3956D46DE8}") = "TeamManagement", "TeamManagement", "{EBA922C6-1119-4DE3-8768-BFA1692F8536}"
EndProject
Project("{2150E333-8FDC-42A3-9474-1A3956D46DE8}") = "Identity", "Identity", "{1B026EFE-7DDD-4D40-B986-A46058D9A33F}"
EndProject
Project("{2150E333-8FDC-42A3-9474-1A3956D46DE8}") = "MeetPlanning", "MeetPlanning", "{46FA0C87-A423-4F91-B3EC-78BEABD8B700}"
EndProject
Project("{2150E333-8FDC-42A3-9474-1A3956D46DE8}") = "Swimmers", "Swimmers", "{3FEE8FF2-42EE-4C87-AB6D-2A57716AECC3}"
EndProject
Project("{2150E333-8FDC-42A3-9474-1A3956D46DE8}") = "tests", "tests", "{48321DAB-D5B7-4E41-9986-A169621D93B0}"
EndProject
Project("{E53339B2-1760-4266-BCC7-CA923CBCF16C}") = "docker-compose", "docker-compose.dcproj", "{75A0C0E4-38E4-4C14-905D-488A60C5A7B4}"
EndProject
Project("{2150E333-8FDC-42A3-9474-1A3956D46DE8}") = "APIGateway", "APIGateway", "{415051A4-8DFF-472F-82EE-1C380AAEA3D7}"
EndProject
Project("{2150E333-8FDC-42A3-9474-1A3956D46DE8}") = "WebApp", "WebApp", "{FD835EE4-F849-4F0C-8CC4-DF931BA9A40D}"
EndProject
Project("{9A19103F-16F7-4668-BE54-9A1E7A4F7556}") = "MeetPlanning.API", "src\Services\MeetPlanning\MeetPlanning.API\MeetPlanning.API.csproj", "{39F8570D-5603-490A-B393-0B3C557E64CD}"
EndProject
Project("{9A19103F-16F7-4668-BE54-9A1E7A4F7556}") = "MeetPlanning.Core", "src\Services\MeetPlanning\MeetPlanning.Core\MeetPlanning.Core.csproj", "{86BB0427-C85F-417D-A7DA-423BE47A6362}"
EndProject
Project("{9A19103F-16F7-4668-BE54-9A1E7A4F7556}") = "MeetPlanning.Infrastructure", "src\Services\MeetPlanning\MeetPlanning.Infrastructure\MeetPlanning.Infrastructure.csproj", "{BCCE49C8-A951-43E1-B7D4-F5CD6F9581B1}"
EndProject
Project("{9A19103F-16F7-4668-BE54-9A1E7A4F7556}") = "TeamManagement.UnitTests", "src\Services\TeamManagement\tests\TeamManagement.UnitTests\TeamManagement.UnitTests.csproj", "{EF094E01-D7F3-4BBB-9AC3-18D7C09CCFE9}"
EndProject
Project("{9A19103F-16F7-4668-BE54-9A1E7A4F7556}") = "TeamManagement.IntegrationTests", "src\Services\TeamManagement\tests\TeamManagement.IntegrationTests\TeamManagement.IntegrationTests.csproj", "{E6227DA6-9771-4B36-881B-5E9B114E5CE4}"
EndProject
Project("{9A19103F-16F7-4668-BE54-9A1E7A4F7556}") = "TeamManagement.API", "src\Services\TeamManagement\TeamManagement.API\TeamManagement.API.csproj", "{A6BB47A0-3BFE-45A9-A6CA-42C273D972ED}"
EndProject
Project("{9A19103F-16F7-4668-BE54-9A1E7A4F7556}") = "TeamManagement.Core", "src\Services\TeamManagement\TeamManagement.Core\TeamManagement.Core.csproj", "{11508D76-19F8-40A8-BD83-0826A4680FD1}"
EndProject
Project("{9A19103F-16F7-4668-BE54-9A1E7A4F7556}") = "TeamManagement.Infrastructure", "src\Services\TeamManagement\TeamManagement.Infrastructure\TeamManagement.Infrastructure.csproj", "{1AD873A3-EBEB-4459-BB47-74191D323D54}"
EndProject
Project("{9A19103F-16F7-4668-BE54-9A1E7A4F7556}") = "TeamManager.UseCases", "src\Services\TeamManagement\TeamManager.Application\TeamManager.UseCases.csproj", "{116DF147-97B2-4467-BC27-3DE256E64B01}"
EndProject
Project("{FAE04EC0-301F-11D3-BF4B-00C04F79EFBC}") = "ReactSPA.Server", "src\WebApp\ReactSPA.Server\ReactSPA.Server.csproj", "{57ED00F6-9FB2-4131-998C-71CA6588E868}"
EndProject
Project("{54A90642-561A-4BB1-A94E-469ADEE60C69}") = "reactspa.client", "src\WebApp\reactspa.client\reactspa.client.esproj", "{327715A0-E186-4A25-A6F3-22F27063E72C}"
EndProject
Global
	GlobalSection(SolutionConfigurationPlatforms) = preSolution
		Debug|Any CPU = Debug|Any CPU
		Release|Any CPU = Release|Any CPU
	EndGlobalSection
	GlobalSection(ProjectConfigurationPlatforms) = postSolution
		{75A0C0E4-38E4-4C14-905D-488A60C5A7B4}.Debug|Any CPU.ActiveCfg = Debug|Any CPU
		{75A0C0E4-38E4-4C14-905D-488A60C5A7B4}.Debug|Any CPU.Build.0 = Debug|Any CPU
		{75A0C0E4-38E4-4C14-905D-488A60C5A7B4}.Release|Any CPU.ActiveCfg = Release|Any CPU
		{75A0C0E4-38E4-4C14-905D-488A60C5A7B4}.Release|Any CPU.Build.0 = Release|Any CPU
		{39F8570D-5603-490A-B393-0B3C557E64CD}.Debug|Any CPU.ActiveCfg = Debug|Any CPU
		{39F8570D-5603-490A-B393-0B3C557E64CD}.Debug|Any CPU.Build.0 = Debug|Any CPU
		{39F8570D-5603-490A-B393-0B3C557E64CD}.Release|Any CPU.ActiveCfg = Release|Any CPU
		{39F8570D-5603-490A-B393-0B3C557E64CD}.Release|Any CPU.Build.0 = Release|Any CPU
		{86BB0427-C85F-417D-A7DA-423BE47A6362}.Debug|Any CPU.ActiveCfg = Debug|Any CPU
		{86BB0427-C85F-417D-A7DA-423BE47A6362}.Debug|Any CPU.Build.0 = Debug|Any CPU
		{86BB0427-C85F-417D-A7DA-423BE47A6362}.Release|Any CPU.ActiveCfg = Release|Any CPU
		{86BB0427-C85F-417D-A7DA-423BE47A6362}.Release|Any CPU.Build.0 = Release|Any CPU
		{BCCE49C8-A951-43E1-B7D4-F5CD6F9581B1}.Debug|Any CPU.ActiveCfg = Debug|Any CPU
		{BCCE49C8-A951-43E1-B7D4-F5CD6F9581B1}.Debug|Any CPU.Build.0 = Debug|Any CPU
		{BCCE49C8-A951-43E1-B7D4-F5CD6F9581B1}.Release|Any CPU.ActiveCfg = Release|Any CPU
		{BCCE49C8-A951-43E1-B7D4-F5CD6F9581B1}.Release|Any CPU.Build.0 = Release|Any CPU
		{EF094E01-D7F3-4BBB-9AC3-18D7C09CCFE9}.Debug|Any CPU.ActiveCfg = Debug|Any CPU
		{EF094E01-D7F3-4BBB-9AC3-18D7C09CCFE9}.Debug|Any CPU.Build.0 = Debug|Any CPU
		{EF094E01-D7F3-4BBB-9AC3-18D7C09CCFE9}.Release|Any CPU.ActiveCfg = Release|Any CPU
		{EF094E01-D7F3-4BBB-9AC3-18D7C09CCFE9}.Release|Any CPU.Build.0 = Release|Any CPU
		{E6227DA6-9771-4B36-881B-5E9B114E5CE4}.Debug|Any CPU.ActiveCfg = Debug|Any CPU
		{E6227DA6-9771-4B36-881B-5E9B114E5CE4}.Debug|Any CPU.Build.0 = Debug|Any CPU
		{E6227DA6-9771-4B36-881B-5E9B114E5CE4}.Release|Any CPU.ActiveCfg = Release|Any CPU
		{E6227DA6-9771-4B36-881B-5E9B114E5CE4}.Release|Any CPU.Build.0 = Release|Any CPU
		{A6BB47A0-3BFE-45A9-A6CA-42C273D972ED}.Debug|Any CPU.ActiveCfg = Debug|Any CPU
		{A6BB47A0-3BFE-45A9-A6CA-42C273D972ED}.Debug|Any CPU.Build.0 = Debug|Any CPU
		{A6BB47A0-3BFE-45A9-A6CA-42C273D972ED}.Release|Any CPU.ActiveCfg = Release|Any CPU
		{A6BB47A0-3BFE-45A9-A6CA-42C273D972ED}.Release|Any CPU.Build.0 = Release|Any CPU
		{11508D76-19F8-40A8-BD83-0826A4680FD1}.Debug|Any CPU.ActiveCfg = Debug|Any CPU
		{11508D76-19F8-40A8-BD83-0826A4680FD1}.Debug|Any CPU.Build.0 = Debug|Any CPU
		{11508D76-19F8-40A8-BD83-0826A4680FD1}.Release|Any CPU.ActiveCfg = Release|Any CPU
		{11508D76-19F8-40A8-BD83-0826A4680FD1}.Release|Any CPU.Build.0 = Release|Any CPU
		{1AD873A3-EBEB-4459-BB47-74191D323D54}.Debug|Any CPU.ActiveCfg = Debug|Any CPU
		{1AD873A3-EBEB-4459-BB47-74191D323D54}.Debug|Any CPU.Build.0 = Debug|Any CPU
		{1AD873A3-EBEB-4459-BB47-74191D323D54}.Release|Any CPU.ActiveCfg = Release|Any CPU
		{1AD873A3-EBEB-4459-BB47-74191D323D54}.Release|Any CPU.Build.0 = Release|Any CPU
		{116DF147-97B2-4467-BC27-3DE256E64B01}.Debug|Any CPU.ActiveCfg = Debug|Any CPU
		{116DF147-97B2-4467-BC27-3DE256E64B01}.Debug|Any CPU.Build.0 = Debug|Any CPU
		{116DF147-97B2-4467-BC27-3DE256E64B01}.Release|Any CPU.ActiveCfg = Release|Any CPU
		{116DF147-97B2-4467-BC27-3DE256E64B01}.Release|Any CPU.Build.0 = Release|Any CPU
		{57ED00F6-9FB2-4131-998C-71CA6588E868}.Debug|Any CPU.ActiveCfg = Debug|Any CPU
		{57ED00F6-9FB2-4131-998C-71CA6588E868}.Debug|Any CPU.Build.0 = Debug|Any CPU
		{57ED00F6-9FB2-4131-998C-71CA6588E868}.Release|Any CPU.ActiveCfg = Release|Any CPU
		{57ED00F6-9FB2-4131-998C-71CA6588E868}.Release|Any CPU.Build.0 = Release|Any CPU
		{327715A0-E186-4A25-A6F3-22F27063E72C}.Debug|Any CPU.ActiveCfg = Debug|Any CPU
		{327715A0-E186-4A25-A6F3-22F27063E72C}.Debug|Any CPU.Build.0 = Debug|Any CPU
		{327715A0-E186-4A25-A6F3-22F27063E72C}.Debug|Any CPU.Deploy.0 = Debug|Any CPU
		{327715A0-E186-4A25-A6F3-22F27063E72C}.Release|Any CPU.ActiveCfg = Release|Any CPU
		{327715A0-E186-4A25-A6F3-22F27063E72C}.Release|Any CPU.Build.0 = Release|Any CPU
		{327715A0-E186-4A25-A6F3-22F27063E72C}.Release|Any CPU.Deploy.0 = Release|Any CPU
	EndGlobalSection
	GlobalSection(SolutionProperties) = preSolution
		HideSolutionNode = FALSE
	EndGlobalSection
	GlobalSection(NestedProjects) = preSolution
		{44C50091-711F-4D27-8B21-6FF312F707FD} = {829C7D5A-1402-4EC6-9B3A-DFA2DF4E1D14}
		{EBA922C6-1119-4DE3-8768-BFA1692F8536} = {44C50091-711F-4D27-8B21-6FF312F707FD}
		{1B026EFE-7DDD-4D40-B986-A46058D9A33F} = {44C50091-711F-4D27-8B21-6FF312F707FD}
		{46FA0C87-A423-4F91-B3EC-78BEABD8B700} = {44C50091-711F-4D27-8B21-6FF312F707FD}
		{3FEE8FF2-42EE-4C87-AB6D-2A57716AECC3} = {44C50091-711F-4D27-8B21-6FF312F707FD}
		{48321DAB-D5B7-4E41-9986-A169621D93B0} = {EBA922C6-1119-4DE3-8768-BFA1692F8536}
		{415051A4-8DFF-472F-82EE-1C380AAEA3D7} = {829C7D5A-1402-4EC6-9B3A-DFA2DF4E1D14}
		{FD835EE4-F849-4F0C-8CC4-DF931BA9A40D} = {829C7D5A-1402-4EC6-9B3A-DFA2DF4E1D14}
		{39F8570D-5603-490A-B393-0B3C557E64CD} = {46FA0C87-A423-4F91-B3EC-78BEABD8B700}
		{86BB0427-C85F-417D-A7DA-423BE47A6362} = {46FA0C87-A423-4F91-B3EC-78BEABD8B700}
		{BCCE49C8-A951-43E1-B7D4-F5CD6F9581B1} = {46FA0C87-A423-4F91-B3EC-78BEABD8B700}
		{EF094E01-D7F3-4BBB-9AC3-18D7C09CCFE9} = {48321DAB-D5B7-4E41-9986-A169621D93B0}
		{E6227DA6-9771-4B36-881B-5E9B114E5CE4} = {48321DAB-D5B7-4E41-9986-A169621D93B0}
		{A6BB47A0-3BFE-45A9-A6CA-42C273D972ED} = {EBA922C6-1119-4DE3-8768-BFA1692F8536}
		{11508D76-19F8-40A8-BD83-0826A4680FD1} = {EBA922C6-1119-4DE3-8768-BFA1692F8536}
		{1AD873A3-EBEB-4459-BB47-74191D323D54} = {EBA922C6-1119-4DE3-8768-BFA1692F8536}
		{116DF147-97B2-4467-BC27-3DE256E64B01} = {EBA922C6-1119-4DE3-8768-BFA1692F8536}
		{57ED00F6-9FB2-4131-998C-71CA6588E868} = {FD835EE4-F849-4F0C-8CC4-DF931BA9A40D}
		{327715A0-E186-4A25-A6F3-22F27063E72C} = {FD835EE4-F849-4F0C-8CC4-DF931BA9A40D}
	EndGlobalSection
	GlobalSection(ExtensibilityGlobals) = postSolution
		SolutionGuid = {BFC238F2-445E-4634-8B89-01CE24CAD35B}
	EndGlobalSection
EndGlobal
